
Microsoft Visual Studio Solution File, Format Version 12.00
# Visual Studio Version 16
VisualStudioVersion = 16.0.30717.126
MinimumVisualStudioVersion = 10.0.40219.1
Project("{FAE04EC0-301F-11D3-BF4B-00C04F79EFBC}") = "01", "01.csproj", "{BBC5E14A-6572-4B6A-8351-8D1B53CC2216}"
EndProject
Global
	GlobalSection(SolutionConfigurationPlatforms) = preSolution
		Debug|Any CPU = Debug|Any CPU
		Release|Any CPU = Release|Any CPU
	EndGlobalSection
	GlobalSection(ProjectConfigurationPlatforms) = postSolution
		{BBC5E14A-6572-4B6A-8351-8D1B53CC2216}.Debug|Any CPU.ActiveCfg = Debug|Any CPU
		{BBC5E14A-6572-4B6A-8351-8D1B53CC2216}.Debug|Any CPU.Build.0 = Debug|Any CPU
		{BBC5E14A-6572-4B6A-8351-8D1B53CC2216}.Release|Any CPU.ActiveCfg = Release|Any CPU
		{BBC5E14A-6572-4B6A-8351-8D1B53CC2216}.Release|Any CPU.Build.0 = Release|Any CPU
	EndGlobalSection
	GlobalSection(SolutionProperties) = preSolution
		HideSolutionNode = FALSE
	EndGlobalSection
	GlobalSection(ExtensibilityGlobals) = postSolution
		SolutionGuid = {5D347322-2045-4597-8354-7B3578220ECE}
	EndGlobalSection
EndGlobal
