
Microsoft Visual Studio Solution File, Format Version 12.00
# Visual Studio Version 16
VisualStudioVersion = 16.0.30717.126
MinimumVisualStudioVersion = 10.0.40219.1
Project("{FAE04EC0-301F-11D3-BF4B-00C04F79EFBC}") = "02", "02.csproj", "{AF1888F5-E1BB-414F-B94F-64B5D7D481A1}"
EndProject
Global
	GlobalSection(SolutionConfigurationPlatforms) = preSolution
		Debug|Any CPU = Debug|Any CPU
		Release|Any CPU = Release|Any CPU
	EndGlobalSection
	GlobalSection(ProjectConfigurationPlatforms) = postSolution
		{AF1888F5-E1BB-414F-B94F-64B5D7D481A1}.Debug|Any CPU.ActiveCfg = Debug|Any CPU
		{AF1888F5-E1BB-414F-B94F-64B5D7D481A1}.Debug|Any CPU.Build.0 = Debug|Any CPU
		{AF1888F5-E1BB-414F-B94F-64B5D7D481A1}.Release|Any CPU.ActiveCfg = Release|Any CPU
		{AF1888F5-E1BB-414F-B94F-64B5D7D481A1}.Release|Any CPU.Build.0 = Release|Any CPU
	EndGlobalSection
	GlobalSection(SolutionProperties) = preSolution
		HideSolutionNode = FALSE
	EndGlobalSection
	GlobalSection(ExtensibilityGlobals) = postSolution
		SolutionGuid = {B3356307-2917-4AAB-AD8A-614FCD7E8B22}
	EndGlobalSection
EndGlobal
