
Microsoft Visual Studio Solution File, Format Version 12.00
# Visual Studio Version 16
VisualStudioVersion = 16.0.30717.126
MinimumVisualStudioVersion = 10.0.40219.1
Project("{FAE04EC0-301F-11D3-BF4B-00C04F79EFBC}") = "02", "02.csproj", "{D1AA70CB-2556-4FF6-A5FF-817DB6B6E01F}"
EndProject
Global
	GlobalSection(SolutionConfigurationPlatforms) = preSolution
		Debug|Any CPU = Debug|Any CPU
		Release|Any CPU = Release|Any CPU
	EndGlobalSection
	GlobalSection(ProjectConfigurationPlatforms) = postSolution
		{D1AA70CB-2556-4FF6-A5FF-817DB6B6E01F}.Debug|Any CPU.ActiveCfg = Debug|Any CPU
		{D1AA70CB-2556-4FF6-A5FF-817DB6B6E01F}.Debug|Any CPU.Build.0 = Debug|Any CPU
		{D1AA70CB-2556-4FF6-A5FF-817DB6B6E01F}.Release|Any CPU.ActiveCfg = Release|Any CPU
		{D1AA70CB-2556-4FF6-A5FF-817DB6B6E01F}.Release|Any CPU.Build.0 = Release|Any CPU
	EndGlobalSection
	GlobalSection(SolutionProperties) = preSolution
		HideSolutionNode = FALSE
	EndGlobalSection
	GlobalSection(ExtensibilityGlobals) = postSolution
		SolutionGuid = {F0F8677E-E032-4567-A670-1376B85139C7}
	EndGlobalSection
EndGlobal
